#MicroXplorer Configuration settings - do not modify
Dma.I2C1_RX.0.Direction=DMA_PERIPH_TO_MEMORY
Dma.I2C1_RX.0.FIFOMode=DMA_FIFOMODE_DISABLE
Dma.I2C1_RX.0.Instance=DMA1_Stream0
Dma.I2C1_RX.0.MemDataAlignment=DMA_MDATAALIGN_BYTE
Dma.I2C1_RX.0.MemInc=DMA_MINC_ENABLE
Dma.I2C1_RX.0.Mode=DMA_CIRCULAR
Dma.I2C1_RX.0.PeriphDataAlignment=DMA_PDATAALIGN_BYTE
Dma.I2C1_RX.0.PeriphInc=DMA_PINC_DISABLE
Dma.I2C1_RX.0.Priority=DMA_PRIORITY_LOW
Dma.I2C1_RX.0.RequestParameters=Instance,Direction,PeriphInc,MemInc,PeriphDataAlignment,MemDataAlignment,Mode,Priority,FIFOMode
Dma.I2C1_TX.1.Direction=DMA_MEMORY_TO_PERIPH
Dma.I2C1_TX.1.FIFOMode=DMA_FIFOMODE_DISABLE
Dma.I2C1_TX.1.Instance=DMA1_Stream6
Dma.I2C1_TX.1.MemDataAlignment=DMA_MDATAALIGN_BYTE
Dma.I2C1_TX.1.MemInc=DMA_MINC_ENABLE
Dma.I2C1_TX.1.Mode=DMA_CIRCULAR
Dma.I2C1_TX.1.PeriphDataAlignment=DMA_PDATAALIGN_BYTE
Dma.I2C1_TX.1.PeriphInc=DMA_PINC_DISABLE
Dma.I2C1_TX.1.Priority=DMA_PRIORITY_LOW
Dma.I2C1_TX.1.RequestParameters=Instance,Direction,PeriphInc,MemInc,PeriphDataAlignment,MemDataAlignment,Mode,Priority,FIFOMode
Dma.MEMTOMEM.4.Direction=DMA_MEMORY_TO_MEMORY
Dma.MEMTOMEM.4.FIFOMode=DMA_FIFOMODE_ENABLE
Dma.MEMTOMEM.4.FIFOThreshold=DMA_FIFO_THRESHOLD_FULL
Dma.MEMTOMEM.4.Instance=DMA2_Stream0
Dma.MEMTOMEM.4.MemBurst=DMA_MBURST_SINGLE
Dma.MEMTOMEM.4.MemDataAlignment=DMA_MDATAALIGN_BYTE
Dma.MEMTOMEM.4.MemInc=DMA_MINC_ENABLE
Dma.MEMTOMEM.4.Mode=DMA_NORMAL
Dma.MEMTOMEM.4.PeriphBurst=DMA_PBURST_SINGLE
Dma.MEMTOMEM.4.PeriphDataAlignment=DMA_PDATAALIGN_BYTE
Dma.MEMTOMEM.4.PeriphInc=DMA_PINC_ENABLE
Dma.MEMTOMEM.4.Priority=DMA_PRIORITY_MEDIUM
Dma.MEMTOMEM.4.RequestParameters=Instance,Direction,PeriphInc,MemInc,PeriphDataAlignment,MemDataAlignment,Mode,Priority,FIFOMode,FIFOThreshold,MemBurst,PeriphBurst
Dma.Request0=I2C1_RX
Dma.Request1=I2C1_TX
Dma.Request2=USART1_TX
Dma.Request3=USART1_RX
Dma.Request4=MEMTOMEM
Dma.Request5=SPI1_RX
Dma.Request6=SPI1_TX
Dma.RequestsNb=7
Dma.SPI1_RX.5.Direction=DMA_PERIPH_TO_MEMORY
Dma.SPI1_RX.5.FIFOMode=DMA_FIFOMODE_DISABLE
Dma.SPI1_RX.5.Instance=DMA2_Stream2
Dma.SPI1_RX.5.MemDataAlignment=DMA_MDATAALIGN_BYTE
Dma.SPI1_RX.5.MemInc=DMA_MINC_ENABLE
Dma.SPI1_RX.5.Mode=DMA_CIRCULAR
Dma.SPI1_RX.5.PeriphDataAlignment=DMA_PDATAALIGN_BYTE
Dma.SPI1_RX.5.PeriphInc=DMA_PINC_DISABLE
Dma.SPI1_RX.5.Priority=DMA_PRIORITY_MEDIUM
Dma.SPI1_RX.5.RequestParameters=Instance,Direction,PeriphInc,MemInc,PeriphDataAlignment,MemDataAlignment,Mode,Priority,FIFOMode
Dma.SPI1_TX.6.Direction=DMA_MEMORY_TO_PERIPH
Dma.SPI1_TX.6.FIFOMode=DMA_FIFOMODE_DISABLE
Dma.SPI1_TX.6.Instance=DMA2_Stream3
Dma.SPI1_TX.6.MemDataAlignment=DMA_MDATAALIGN_BYTE
Dma.SPI1_TX.6.MemInc=DMA_MINC_ENABLE
Dma.SPI1_TX.6.Mode=DMA_CIRCULAR
Dma.SPI1_TX.6.PeriphDataAlignment=DMA_PDATAALIGN_BYTE
Dma.SPI1_TX.6.PeriphInc=DMA_PINC_DISABLE
Dma.SPI1_TX.6.Priority=DMA_PRIORITY_MEDIUM
Dma.SPI1_TX.6.RequestParameters=Instance,Direction,PeriphInc,MemInc,PeriphDataAlignment,MemDataAlignment,Mode,Priority,FIFOMode
Dma.USART1_RX.3.Direction=DMA_PERIPH_TO_MEMORY
Dma.USART1_RX.3.FIFOMode=DMA_FIFOMODE_DISABLE
Dma.USART1_RX.3.Instance=DMA2_Stream5
Dma.USART1_RX.3.MemDataAlignment=DMA_MDATAALIGN_BYTE
Dma.USART1_RX.3.MemInc=DMA_MINC_ENABLE
Dma.USART1_RX.3.Mode=DMA_CIRCULAR
Dma.USART1_RX.3.PeriphDataAlignment=DMA_PDATAALIGN_BYTE
Dma.USART1_RX.3.PeriphInc=DMA_PINC_DISABLE
Dma.USART1_RX.3.Priority=DMA_PRIORITY_LOW
Dma.USART1_RX.3.RequestParameters=Instance,Direction,PeriphInc,MemInc,PeriphDataAlignment,MemDataAlignment,Mode,Priority,FIFOMode
Dma.USART1_TX.2.Direction=DMA_MEMORY_TO_PERIPH
Dma.USART1_TX.2.FIFOMode=DMA_FIFOMODE_DISABLE
Dma.USART1_TX.2.Instance=DMA2_Stream7
Dma.USART1_TX.2.MemDataAlignment=DMA_MDATAALIGN_BYTE
Dma.USART1_TX.2.MemInc=DMA_MINC_ENABLE
Dma.USART1_TX.2.Mode=DMA_CIRCULAR
Dma.USART1_TX.2.PeriphDataAlignment=DMA_PDATAALIGN_BYTE
Dma.USART1_TX.2.PeriphInc=DMA_PINC_DISABLE
Dma.USART1_TX.2.Priority=DMA_PRIORITY_LOW
Dma.USART1_TX.2.RequestParameters=Instance,Direction,PeriphInc,MemInc,PeriphDataAlignment,MemDataAlignment,Mode,Priority,FIFOMode
File.Version=6
I2C1.ClockSpeed=400000
I2C1.I2C_Mode=I2C_Fast
I2C1.IPParameters=ClockSpeed,I2C_Mode
I2C2.I2C_Mode=I2C_Fast
I2C2.IPParameters=I2C_Mode
KeepUserPlacement=true
Mcu.Family=STM32F4
Mcu.IP0=CRC
Mcu.IP1=DMA
Mcu.IP10=SPI3
Mcu.IP11=SYS
Mcu.IP12=TIM6
Mcu.IP13=USART1
Mcu.IP14=USART6
Mcu.IP2=FATFS
Mcu.IP3=I2C1
Mcu.IP4=I2C2
Mcu.IP5=I2C3
Mcu.IP6=NVIC
Mcu.IP7=RCC
Mcu.IP8=SPI1
Mcu.IP9=SPI2
Mcu.IPNb=15
Mcu.Name=STM32F407V(E-G)Tx
Mcu.Package=LQFP100
Mcu.Pin0=PC14-OSC32_IN
Mcu.Pin1=PC15-OSC32_OUT
Mcu.Pin10=PB11
Mcu.Pin11=PB13
Mcu.Pin12=PD9
Mcu.Pin13=PD11
Mcu.Pin14=PD13
Mcu.Pin15=PD15
Mcu.Pin16=PC6
Mcu.Pin17=PC7
Mcu.Pin18=PC9
Mcu.Pin19=PA8
Mcu.Pin2=PH0-OSC_IN
Mcu.Pin20=PA9
Mcu.Pin21=PA10
Mcu.Pin22=PC10
Mcu.Pin23=PC11
Mcu.Pin24=PC12
Mcu.Pin25=PB6
Mcu.Pin26=PB7
Mcu.Pin27=VP_CRC_VS_CRC
Mcu.Pin28=VP_FATFS_VS_Generic
Mcu.Pin29=VP_SYS_VS_Systick
Mcu.Pin3=PH1-OSC_OUT
Mcu.Pin30=VP_TIM6_VS_ClockSourceINT
Mcu.Pin4=PC2
Mcu.Pin5=PC3
Mcu.Pin6=PA5
Mcu.Pin7=PA6
Mcu.Pin8=PA7
Mcu.Pin9=PB10
Mcu.PinsNb=31
Mcu.UserConstants=
Mcu.UserName=STM32F407VGTx
MxCube.Version=4.18.0
MxDb.Version=DB.4.0.180
NVIC.BusFault_IRQn=true\:0\:0\:false\:false\:true
NVIC.DMA1_Stream0_IRQn=true\:1\:0\:true\:false\:true
NVIC.DMA1_Stream6_IRQn=true\:1\:0\:true\:false\:true
NVIC.DMA2_Stream2_IRQn=true\:1\:0\:true\:false\:true
NVIC.DMA2_Stream3_IRQn=true\:1\:0\:true\:false\:true
NVIC.DMA2_Stream5_IRQn=true\:1\:0\:true\:false\:true
NVIC.DMA2_Stream7_IRQn=true\:1\:0\:true\:false\:true
NVIC.DebugMonitor_IRQn=true\:0\:0\:false\:false\:false
NVIC.FPU_IRQn=true\:0\:0\:false\:false\:true
NVIC.HardFault_IRQn=true\:0\:0\:false\:false\:true
NVIC.I2C1_ER_IRQn=true\:0\:0\:false\:false\:true
NVIC.I2C1_EV_IRQn=true\:0\:0\:true\:false\:true
NVIC.I2C2_ER_IRQn=true\:0\:0\:false\:false\:true
NVIC.I2C2_EV_IRQn=true\:0\:0\:false\:false\:true
NVIC.I2C3_ER_IRQn=true\:0\:0\:false\:false\:true
NVIC.I2C3_EV_IRQn=true\:0\:0\:false\:false\:true
NVIC.MemoryManagement_IRQn=true\:0\:0\:false\:false\:true
NVIC.NonMaskableInt_IRQn=true\:0\:0\:false\:false\:true
NVIC.PendSV_IRQn=true\:0\:0\:false\:false\:true
NVIC.PriorityGroup=NVIC_PRIORITYGROUP_1
NVIC.SPI1_IRQn=true\:0\:0\:false\:false\:true
NVIC.SPI2_IRQn=true\:0\:0\:false\:false\:true
NVIC.SPI3_IRQn=true\:0\:0\:false\:false\:true
NVIC.SVCall_IRQn=true\:0\:0\:false\:false\:true
NVIC.SysTick_IRQn=true\:0\:0\:false\:false\:true
NVIC.TIM6_DAC_IRQn=true\:0\:0\:false\:false\:true
NVIC.USART1_IRQn=true\:0\:0\:false\:false\:true
NVIC.USART6_IRQn=true\:0\:0\:false\:false\:true
NVIC.UsageFault_IRQn=true\:0\:0\:false\:false\:true
PA10.Mode=Asynchronous
PA10.Signal=USART1_RX
PA5.Mode=Full_Duplex_Master
PA5.Signal=SPI1_SCK
PA6.Mode=Full_Duplex_Master
PA6.Signal=SPI1_MISO
PA7.Mode=Full_Duplex_Master
PA7.Signal=SPI1_MOSI
PA8.Mode=I2C
PA8.Signal=I2C3_SCL
PA9.Mode=Asynchronous
PA9.Signal=USART1_TX
PB10.Mode=I2C
PB10.Signal=I2C2_SCL
PB11.Mode=I2C
PB11.Signal=I2C2_SDA
PB13.Mode=Full_Duplex_Master
PB13.Signal=SPI2_SCK
PB6.Mode=I2C
PB6.Signal=I2C1_SCL
PB7.Mode=I2C
PB7.Signal=I2C1_SDA
PC10.Mode=Full_Duplex_Master
PC10.Signal=SPI3_SCK
PC11.Mode=Full_Duplex_Master
PC11.Signal=SPI3_MISO
PC12.Mode=Full_Duplex_Master
PC12.Signal=SPI3_MOSI
PC14-OSC32_IN.Mode=LSE-External-Oscillator
PC14-OSC32_IN.Signal=RCC_OSC32_IN
PC15-OSC32_OUT.Mode=LSE-External-Oscillator
PC15-OSC32_OUT.Signal=RCC_OSC32_OUT
PC2.Mode=Full_Duplex_Master
PC2.Signal=SPI2_MISO
PC3.Mode=Full_Duplex_Master
PC3.Signal=SPI2_MOSI
PC6.Mode=Asynchronous
PC6.Signal=USART6_TX
PC7.Mode=Asynchronous
PC7.Signal=USART6_RX
PC9.Mode=I2C
PC9.Signal=I2C3_SDA
PCC.Checker=false
PCC.Line=STM32F407/417
PCC.MCU=STM32F407V(E-G)Tx
PCC.MXVersion=4.18.0
PCC.PartNumber=STM32F407VGTx
PCC.Seq0=0
PCC.Series=STM32F4
PCC.Temperature=25
PCC.Vdd=3.3
PD11.GPIOParameters=GPIO_Speed,PinState,GPIO_PuPd,GPIO_ModeDefaultOutputPP
PD11.GPIO_ModeDefaultOutputPP=GPIO_MODE_OUTPUT_PP
PD11.GPIO_PuPd=GPIO_PULLUP
PD11.GPIO_Speed=GPIO_SPEED_FREQ_VERY_HIGH
PD11.Locked=true
PD11.PinState=GPIO_PIN_SET
PD11.Signal=GPIO_Output
PD13.GPIOParameters=GPIO_Speed,PinState,GPIO_PuPd,GPIO_ModeDefaultOutputPP
PD13.GPIO_ModeDefaultOutputPP=GPIO_MODE_OUTPUT_PP
PD13.GPIO_PuPd=GPIO_PULLUP
PD13.GPIO_Speed=GPIO_SPEED_FREQ_VERY_HIGH
PD13.Locked=true
PD13.PinState=GPIO_PIN_SET
PD13.Signal=GPIO_Output
PD15.GPIOParameters=GPIO_Speed,PinState,GPIO_PuPd,GPIO_ModeDefaultOutputPP
PD15.GPIO_ModeDefaultOutputPP=GPIO_MODE_OUTPUT_PP
PD15.GPIO_PuPd=GPIO_PULLUP
PD15.GPIO_Speed=GPIO_SPEED_FREQ_VERY_HIGH
PD15.Locked=true
PD15.PinState=GPIO_PIN_SET
PD15.Signal=GPIO_Output
PD9.GPIOParameters=GPIO_Speed,PinState,GPIO_PuPd
PD9.GPIO_PuPd=GPIO_PULLUP
PD9.GPIO_Speed=GPIO_SPEED_FREQ_VERY_HIGH
PD9.Locked=true
PD9.PinState=GPIO_PIN_SET
PD9.Signal=GPIO_Output
PH0-OSC_IN.Mode=HSE-External-Oscillator
PH0-OSC_IN.Signal=RCC_OSC_IN
PH1-OSC_OUT.Mode=HSE-External-Oscillator
PH1-OSC_OUT.Signal=RCC_OSC_OUT
ProjectManager.AskForMigrate=true
ProjectManager.BackupPrevious=false
ProjectManager.CompilerOptimize=2
ProjectManager.ComputerToolchain=false
ProjectManager.CoupleFile=true
ProjectManager.CustomerFirmwarePackage=F\:\\Downloads\\STM32\\Repository\\STM32Cube_FW_F4_V1.14.0
ProjectManager.DefaultFWLocation=false
ProjectManager.DeletePrevious=true
ProjectManager.DeviceId=STM32F407VGTx
ProjectManager.FirmwarePackage=STM32Cube FW_F4 V1.14.0
ProjectManager.FreePins=false
ProjectManager.HalAssertFull=true
ProjectManager.HeapSize=0x200
ProjectManager.KeepUserCode=true
ProjectManager.LastFirmware=true
ProjectManager.LibraryCopy=1
ProjectManager.PreviousToolchain=SW4STM32
ProjectManager.ProjectBuild=false
ProjectManager.ProjectFileName=IMU-Core.ioc
ProjectManager.ProjectName=IMU-Core
ProjectManager.StackSize=0x400
ProjectManager.TargetToolchain=SW4STM32
ProjectManager.ToolChainLocation=D\:\\Git\\PRION\\uC\\IMU-Core
ProjectManager.UnderRoot=true
ProjectManager.functionlistsort=1-MX_GPIO_Init-GPIO-false-HAL,2-MX_DMA_Init-DMA-false-HAL,3-SystemClock_Config-RCC-false-HAL,4-MX_I2C1_Init-I2C1-false-HAL,5-MX_I2C2_Init-I2C2-false-HAL,6-MX_I2C3_Init-I2C3-false-HAL,7-MX_SPI1_Init-SPI1-false-HAL,8-MX_SPI2_Init-SPI2-false-HAL,9-MX_SPI3_Init-SPI3-false-HAL,10-MX_TIM6_Init-TIM6-false-HAL,11-MX_USART1_UART_Init-USART1-false-HAL,12-MX_USART6_UART_Init-USART6-false-HAL,13-MX_CRC_Init-CRC-false-HAL,14-MX_FATFS_Init-FATFS-false-HAL
RCC.48MHZClocksFreq_Value=48000000
RCC.AHBFreq_Value=168000000
RCC.APB1CLKDivider=RCC_HCLK_DIV4
RCC.APB1Freq_Value=42000000
RCC.APB1TimFreq_Value=84000000
RCC.APB2CLKDivider=RCC_HCLK_DIV2
RCC.APB2Freq_Value=84000000
RCC.APB2TimFreq_Value=168000000
RCC.CortexFreq_Value=168000000
RCC.EthernetFreq_Value=168000000
RCC.FCLKCortexFreq_Value=168000000
RCC.FamilyName=M
RCC.HCLKFreq_Value=168000000
RCC.HSE_VALUE=8000000
RCC.HSI_VALUE=16000000
RCC.I2SClocksFreq_Value=192000000
RCC.IPParameters=48MHZClocksFreq_Value,AHBFreq_Value,APB1CLKDivider,APB1Freq_Value,APB1TimFreq_Value,APB2CLKDivider,APB2Freq_Value,APB2TimFreq_Value,CortexFreq_Value,EthernetFreq_Value,FCLKCortexFreq_Value,FamilyName,HCLKFreq_Value,HSE_VALUE,HSI_VALUE,I2SClocksFreq_Value,LSI_VALUE,MCO2PinFreq_Value,PLLCLKFreq_Value,PLLM,PLLN,PLLQ,PLLQCLKFreq_Value,PLLSourceVirtual,RTCFreq_Value,RTCHSEDivFreq_Value,SYSCLKFreq_VALUE,SYSCLKSource,VCOI2SOutputFreq_Value,VCOInputFreq_Value,VCOOutputFreq_Value,VDD_VALUE,VcooutputI2S
RCC.LSI_VALUE=32000
RCC.MCO2PinFreq_Value=168000000
RCC.PLLCLKFreq_Value=168000000
RCC.PLLM=4
RCC.PLLN=168
RCC.PLLQ=7
RCC.PLLQCLKFreq_Value=48000000
RCC.PLLSourceVirtual=RCC_PLLSOURCE_HSE
RCC.RTCFreq_Value=32000
RCC.RTCHSEDivFreq_Value=4000000
RCC.SYSCLKFreq_VALUE=168000000
RCC.SYSCLKSource=RCC_SYSCLKSOURCE_PLLCLK
RCC.VCOI2SOutputFreq_Value=384000000
RCC.VCOInputFreq_Value=2000000
RCC.VCOOutputFreq_Value=336000000
RCC.VDD_VALUE=3.3
RCC.VcooutputI2S=192000000
SPI1.BaudRatePrescaler=SPI_BAUDRATEPRESCALER_128
SPI1.CalculateBaudRate=656.25 KBits/s
SPI1.IPParameters=Mode,CalculateBaudRate,BaudRatePrescaler
SPI1.Mode=SPI_MODE_MASTER
SPI2.CalculateBaudRate=21.0 MBits/s
SPI2.IPParameters=Mode,CalculateBaudRate
SPI2.Mode=SPI_MODE_MASTER
SPI3.BaudRatePrescaler=SPI_BAUDRATEPRESCALER_64
SPI3.CalculateBaudRate=656.25 KBits/s
SPI3.IPParameters=Mode,CalculateBaudRate,BaudRatePrescaler
SPI3.Mode=SPI_MODE_MASTER
TIM6.IPParameters=Prescaler,Period
TIM6.Period=8400
TIM6.Prescaler=99
VP_CRC_VS_CRC.Mode=CRC_Activate
VP_CRC_VS_CRC.Signal=CRC_VS_CRC
VP_FATFS_VS_Generic.Mode=User_defined
VP_FATFS_VS_Generic.Signal=FATFS_VS_Generic
VP_SYS_VS_Systick.Mode=SysTick
VP_SYS_VS_Systick.Signal=SYS_VS_Systick
VP_TIM6_VS_ClockSourceINT.Mode=Enable_Timer
VP_TIM6_VS_ClockSourceINT.Signal=TIM6_VS_ClockSourceINT
board=STM32F4DISCOVERY
boardIOC=true
